PODS:
  - FBSnapshotTestCase (1.4)
  - FFCPieChart (1.0.0)
  - Kiwi (2.3.1)

DEPENDENCIES:
  - FBSnapshotTestCase
  - FFCPieChart (from `../`)
  - Kiwi

EXTERNAL SOURCES:
  FFCPieChart:
    :path: ../

SPEC CHECKSUMS:
  FBSnapshotTestCase: f9f225b5ba11c8d8c09075590490df16314e4d62
  FFCPieChart: bdff3ec04b2d9e0cd8c4431ce045966627ca7da7
  Kiwi: 73e1400209055ee9c8ba78c6012b6b642d0fb9f7

COCOAPODS: 0.35.0
